
Microsoft Visual Studio Solution File, Format Version 12.00
# Visual Studio 15
VisualStudioVersion = 15.0.28010.2046
MinimumVisualStudioVersion = 10.0.40219.1
Project("{FAE04EC0-301F-11D3-BF4B-00C04F79EFBC}") = "DutchTreat", "DutchTreat\DutchTreat.csproj", "{8CFEC13D-913B-404C-BE2A-091B2853CFF8}"
EndProject
Global
	GlobalSection(SolutionConfigurationPlatforms) = preSolution
		Debug|Any CPU = Debug|Any CPU
		Release|Any CPU = Release|Any CPU
	EndGlobalSection
	GlobalSection(ProjectConfigurationPlatforms) = postSolution
		{8CFEC13D-913B-404C-BE2A-091B2853CFF8}.Debug|Any CPU.ActiveCfg = Debug|Any CPU
		{8CFEC13D-913B-404C-BE2A-091B2853CFF8}.Debug|Any CPU.Build.0 = Debug|Any CPU
		{8CFEC13D-913B-404C-BE2A-091B2853CFF8}.Release|Any CPU.ActiveCfg = Release|Any CPU
		{8CFEC13D-913B-404C-BE2A-091B2853CFF8}.Release|Any CPU.Build.0 = Release|Any CPU
	EndGlobalSection
	GlobalSection(SolutionProperties) = preSolution
		HideSolutionNode = FALSE
	EndGlobalSection
	GlobalSection(ExtensibilityGlobals) = postSolution
		SolutionGuid = {56A38E3A-C730-47C7-99BC-E1AFE60C617D}
	EndGlobalSection
EndGlobal
